
Microsoft Visual Studio Solution File, Format Version 12.00
# Visual Studio 15
VisualStudioVersion = 15.0.27130.2036
MinimumVisualStudioVersion = 10.0.40219.1
Project("{9A19103F-16F7-4668-BE54-9A1E7A4F7556}") = "Sign_and_Verify_Ethereum_Messages", "Sign_and_Verify_Ethereum_Messages\Sign_and_Verify_Ethereum_Messages.csproj", "{D31BA690-C830-4225-92EB-0B88BE8E1655}"
EndProject
Project("{FAE04EC0-301F-11D3-BF4B-00C04F79EFBC}") = "Calculate_Hashes", "Calculate_Hashes\Calculate_Hashes.csproj", "{176E4D99-C0E1-48E1-9BB4-31B16A7C8C7A}"
EndProject
Global
	GlobalSection(SolutionConfigurationPlatforms) = preSolution
		Debug|Any CPU = Debug|Any CPU
		Release|Any CPU = Release|Any CPU
	EndGlobalSection
	GlobalSection(ProjectConfigurationPlatforms) = postSolution
		{D31BA690-C830-4225-92EB-0B88BE8E1655}.Debug|Any CPU.ActiveCfg = Debug|Any CPU
		{D31BA690-C830-4225-92EB-0B88BE8E1655}.Debug|Any CPU.Build.0 = Debug|Any CPU
		{D31BA690-C830-4225-92EB-0B88BE8E1655}.Release|Any CPU.ActiveCfg = Release|Any CPU
		{D31BA690-C830-4225-92EB-0B88BE8E1655}.Release|Any CPU.Build.0 = Release|Any CPU
		{176E4D99-C0E1-48E1-9BB4-31B16A7C8C7A}.Debug|Any CPU.ActiveCfg = Debug|Any CPU
		{176E4D99-C0E1-48E1-9BB4-31B16A7C8C7A}.Debug|Any CPU.Build.0 = Debug|Any CPU
		{176E4D99-C0E1-48E1-9BB4-31B16A7C8C7A}.Release|Any CPU.ActiveCfg = Release|Any CPU
		{176E4D99-C0E1-48E1-9BB4-31B16A7C8C7A}.Release|Any CPU.Build.0 = Release|Any CPU
	EndGlobalSection
	GlobalSection(SolutionProperties) = preSolution
		HideSolutionNode = FALSE
	EndGlobalSection
	GlobalSection(ExtensibilityGlobals) = postSolution
		SolutionGuid = {06754507-9FBC-4723-ACED-A13BA35E0186}
	EndGlobalSection
EndGlobal
